
Microsoft Visual Studio Solution File, Format Version 12.00
# Visual Studio 15
VisualStudioVersion = 15.0.26730.12
MinimumVisualStudioVersion = 10.0.40219.1
Project("{FAE04EC0-301F-11D3-BF4B-00C04F79EFBC}") = "WordSearch", "WordSearch\WordSearch.csproj", "{411B36F2-5BDB-484B-8082-95980DF2C31E}"
EndProject
Global
	GlobalSection(SolutionConfigurationPlatforms) = preSolution
		Debug|Any CPU = Debug|Any CPU
		Release|Any CPU = Release|Any CPU
	EndGlobalSection
	GlobalSection(ProjectConfigurationPlatforms) = postSolution
		{411B36F2-5BDB-484B-8082-95980DF2C31E}.Debug|Any CPU.ActiveCfg = Debug|Any CPU
		{411B36F2-5BDB-484B-8082-95980DF2C31E}.Debug|Any CPU.Build.0 = Debug|Any CPU
		{411B36F2-5BDB-484B-8082-95980DF2C31E}.Release|Any CPU.ActiveCfg = Release|Any CPU
		{411B36F2-5BDB-484B-8082-95980DF2C31E}.Release|Any CPU.Build.0 = Release|Any CPU
	EndGlobalSection
	GlobalSection(SolutionProperties) = preSolution
		HideSolutionNode = FALSE
	EndGlobalSection
	GlobalSection(ExtensibilityGlobals) = postSolution
		SolutionGuid = {FF5CD451-4F1F-458F-BE10-073910332944}
	EndGlobalSection
EndGlobal
